
Microsoft Visual Studio Solution File, Format Version 12.00
# Visual Studio 15
VisualStudioVersion = 15.0.26124.0
MinimumVisualStudioVersion = 15.0.26124.0
Project("{FAE04EC0-301F-11D3-BF4B-00C04F79EFBC}") = "GitHubActions.Web", "GitHubActions.Web\GitHubActions.Web.csproj", "{F56C3926-6030-4F89-9FA5-D11689BF1C25}"
EndProject
Project("{FAE04EC0-301F-11D3-BF4B-00C04F79EFBC}") = "GitHubActions.Tests", "GitHubActions.Tests\GitHubActions.Tests.csproj", "{A21E6D52-C35C-4B94-898F-C0829E6E3835}"
EndProject
Global
	GlobalSection(SolutionConfigurationPlatforms) = preSolution
		Debug|Any CPU = Debug|Any CPU
		Debug|x64 = Debug|x64
		Debug|x86 = Debug|x86
		Release|Any CPU = Release|Any CPU
		Release|x64 = Release|x64
		Release|x86 = Release|x86
	EndGlobalSection
	GlobalSection(SolutionProperties) = preSolution
		HideSolutionNode = FALSE
	EndGlobalSection
	GlobalSection(ProjectConfigurationPlatforms) = postSolution
		{F56C3926-6030-4F89-9FA5-D11689BF1C25}.Debug|Any CPU.ActiveCfg = Debug|Any CPU
		{F56C3926-6030-4F89-9FA5-D11689BF1C25}.Debug|Any CPU.Build.0 = Debug|Any CPU
		{F56C3926-6030-4F89-9FA5-D11689BF1C25}.Debug|x64.ActiveCfg = Debug|Any CPU
		{F56C3926-6030-4F89-9FA5-D11689BF1C25}.Debug|x64.Build.0 = Debug|Any CPU
		{F56C3926-6030-4F89-9FA5-D11689BF1C25}.Debug|x86.ActiveCfg = Debug|Any CPU
		{F56C3926-6030-4F89-9FA5-D11689BF1C25}.Debug|x86.Build.0 = Debug|Any CPU
		{F56C3926-6030-4F89-9FA5-D11689BF1C25}.Release|Any CPU.ActiveCfg = Release|Any CPU
		{F56C3926-6030-4F89-9FA5-D11689BF1C25}.Release|Any CPU.Build.0 = Release|Any CPU
		{F56C3926-6030-4F89-9FA5-D11689BF1C25}.Release|x64.ActiveCfg = Release|Any CPU
		{F56C3926-6030-4F89-9FA5-D11689BF1C25}.Release|x64.Build.0 = Release|Any CPU
		{F56C3926-6030-4F89-9FA5-D11689BF1C25}.Release|x86.ActiveCfg = Release|Any CPU
		{F56C3926-6030-4F89-9FA5-D11689BF1C25}.Release|x86.Build.0 = Release|Any CPU
		{A21E6D52-C35C-4B94-898F-C0829E6E3835}.Debug|Any CPU.ActiveCfg = Debug|Any CPU
		{A21E6D52-C35C-4B94-898F-C0829E6E3835}.Debug|Any CPU.Build.0 = Debug|Any CPU
		{A21E6D52-C35C-4B94-898F-C0829E6E3835}.Debug|x64.ActiveCfg = Debug|Any CPU
		{A21E6D52-C35C-4B94-898F-C0829E6E3835}.Debug|x64.Build.0 = Debug|Any CPU
		{A21E6D52-C35C-4B94-898F-C0829E6E3835}.Debug|x86.ActiveCfg = Debug|Any CPU
		{A21E6D52-C35C-4B94-898F-C0829E6E3835}.Debug|x86.Build.0 = Debug|Any CPU
		{A21E6D52-C35C-4B94-898F-C0829E6E3835}.Release|Any CPU.ActiveCfg = Release|Any CPU
		{A21E6D52-C35C-4B94-898F-C0829E6E3835}.Release|Any CPU.Build.0 = Release|Any CPU
		{A21E6D52-C35C-4B94-898F-C0829E6E3835}.Release|x64.ActiveCfg = Release|Any CPU
		{A21E6D52-C35C-4B94-898F-C0829E6E3835}.Release|x64.Build.0 = Release|Any CPU
		{A21E6D52-C35C-4B94-898F-C0829E6E3835}.Release|x86.ActiveCfg = Release|Any CPU
		{A21E6D52-C35C-4B94-898F-C0829E6E3835}.Release|x86.Build.0 = Release|Any CPU
	EndGlobalSection
EndGlobal
